
Microsoft Visual Studio Solution File, Format Version 12.00
# Visual Studio Version 17
VisualStudioVersion = 17.8.34525.116
MinimumVisualStudioVersion = 10.0.40219.1
Project("{2150E333-8FDC-42A3-9474-1A3956D46DE8}") = "VC", "VC", "{9F28EDDE-5950-497D-B546-743EDAB86F97}"
EndProject
Project("{8BC9CEB8-8B4A-11D0-8D11-00A0C91BC942}") = "SHMTU_CAS_OCR_Demo_VC", "VC\SHMTU_CAS_OCR_Demo_VC\SHMTU_CAS_OCR_Demo_VC.vcxproj", "{5F7DD0AB-5A29-4A54-80AA-8E6A0B15EB94}"
EndProject
Project("{8BC9CEB8-8B4A-11D0-8D11-00A0C91BC942}") = "NCNN_CLI", "VC\NCNN_CLI\NCNN_CLI.vcxproj", "{635995E4-4E4A-424E-B7B0-E3B7CF470FE5}"
EndProject
Project("{2150E333-8FDC-42A3-9474-1A3956D46DE8}") = "DotNet", "DotNet", "{6F042CB1-3A40-4166-9868-067A8BFF0DD4}"
EndProject
Project("{FAE04EC0-301F-11D3-BF4B-00C04F79EFBC}") = "SHMTU_CAS_OCR_Demo_WPF", "DotNet\SHMTU_CAS_OCR_Demo_WPF\SHMTU_CAS_OCR_Demo_WPF.csproj", "{5242BE7A-5E37-4F62-8942-F40FC86F3BEF}"
EndProject
Project("{8BC9CEB8-8B4A-11D0-8D11-00A0C91BC942}") = "SHMTU_CAS_CLR_ClassLibrary", "VC\SHMTU_CAS_CLR_ClassLibrary\SHMTU_CAS_CLR_ClassLibrary.vcxproj", "{59ABD8AC-20CC-4367-A1AE-FCDE5C2487B0}"
EndProject
Project("{FAE04EC0-301F-11D3-BF4B-00C04F79EFBC}") = "SHMTU_CAS_OCR_CLR_Connector_ClassLibrary", "DotNet\SHMTU_CAS_OCR_CLR_Connector_ClassLibrary\SHMTU_CAS_OCR_CLR_Connector_ClassLibrary.csproj", "{285E72D5-576B-4E92-964C-8D416E8823F9}"
EndProject
Project("{2150E333-8FDC-42A3-9474-1A3956D46DE8}") = "CLR", "CLR", "{8E0AF8CC-894A-4060-A228-83B77F71939A}"
EndProject
Global
	GlobalSection(SolutionConfigurationPlatforms) = preSolution
		Debug|Any CPU = Debug|Any CPU
		Debug|ARM64 = Debug|ARM64
		Debug|x64 = Debug|x64
		Debug|x86 = Debug|x86
		Release|Any CPU = Release|Any CPU
		Release|ARM64 = Release|ARM64
		Release|x64 = Release|x64
		Release|x86 = Release|x86
		Static|Any CPU = Static|Any CPU
		Static|ARM64 = Static|ARM64
		Static|x64 = Static|x64
		Static|x86 = Static|x86
	EndGlobalSection
	GlobalSection(ProjectConfigurationPlatforms) = postSolution
		{5F7DD0AB-5A29-4A54-80AA-8E6A0B15EB94}.Debug|Any CPU.ActiveCfg = Debug|Win32
		{5F7DD0AB-5A29-4A54-80AA-8E6A0B15EB94}.Debug|Any CPU.Build.0 = Debug|Win32
		{5F7DD0AB-5A29-4A54-80AA-8E6A0B15EB94}.Debug|ARM64.ActiveCfg = Debug|ARM64
		{5F7DD0AB-5A29-4A54-80AA-8E6A0B15EB94}.Debug|ARM64.Build.0 = Debug|ARM64
		{5F7DD0AB-5A29-4A54-80AA-8E6A0B15EB94}.Debug|x64.ActiveCfg = Debug|x64
		{5F7DD0AB-5A29-4A54-80AA-8E6A0B15EB94}.Debug|x64.Build.0 = Debug|x64
		{5F7DD0AB-5A29-4A54-80AA-8E6A0B15EB94}.Debug|x86.ActiveCfg = Debug|Win32
		{5F7DD0AB-5A29-4A54-80AA-8E6A0B15EB94}.Debug|x86.Build.0 = Debug|Win32
		{5F7DD0AB-5A29-4A54-80AA-8E6A0B15EB94}.Release|Any CPU.ActiveCfg = Release|x64
		{5F7DD0AB-5A29-4A54-80AA-8E6A0B15EB94}.Release|Any CPU.Build.0 = Release|x64
		{5F7DD0AB-5A29-4A54-80AA-8E6A0B15EB94}.Release|ARM64.ActiveCfg = Release|ARM64
		{5F7DD0AB-5A29-4A54-80AA-8E6A0B15EB94}.Release|ARM64.Build.0 = Release|ARM64
		{5F7DD0AB-5A29-4A54-80AA-8E6A0B15EB94}.Release|x64.ActiveCfg = Release|x64
		{5F7DD0AB-5A29-4A54-80AA-8E6A0B15EB94}.Release|x64.Build.0 = Release|x64
		{5F7DD0AB-5A29-4A54-80AA-8E6A0B15EB94}.Release|x86.ActiveCfg = Release|Win32
		{5F7DD0AB-5A29-4A54-80AA-8E6A0B15EB94}.Release|x86.Build.0 = Release|Win32
		{5F7DD0AB-5A29-4A54-80AA-8E6A0B15EB94}.Static|Any CPU.ActiveCfg = Release-Static|x64
		{5F7DD0AB-5A29-4A54-80AA-8E6A0B15EB94}.Static|Any CPU.Build.0 = Release-Static|x64
		{5F7DD0AB-5A29-4A54-80AA-8E6A0B15EB94}.Static|ARM64.ActiveCfg = Release-Static|ARM64
		{5F7DD0AB-5A29-4A54-80AA-8E6A0B15EB94}.Static|ARM64.Build.0 = Release-Static|ARM64
		{5F7DD0AB-5A29-4A54-80AA-8E6A0B15EB94}.Static|x64.ActiveCfg = Release-Static|x64
		{5F7DD0AB-5A29-4A54-80AA-8E6A0B15EB94}.Static|x64.Build.0 = Release-Static|x64
		{5F7DD0AB-5A29-4A54-80AA-8E6A0B15EB94}.Static|x86.ActiveCfg = Release-Static|Win32
		{5F7DD0AB-5A29-4A54-80AA-8E6A0B15EB94}.Static|x86.Build.0 = Release-Static|Win32
		{635995E4-4E4A-424E-B7B0-E3B7CF470FE5}.Debug|Any CPU.ActiveCfg = Debug|Win32
		{635995E4-4E4A-424E-B7B0-E3B7CF470FE5}.Debug|Any CPU.Build.0 = Debug|Win32
		{635995E4-4E4A-424E-B7B0-E3B7CF470FE5}.Debug|ARM64.ActiveCfg = Debug|ARM64
		{635995E4-4E4A-424E-B7B0-E3B7CF470FE5}.Debug|ARM64.Build.0 = Debug|ARM64
		{635995E4-4E4A-424E-B7B0-E3B7CF470FE5}.Debug|x64.ActiveCfg = Debug|x64
		{635995E4-4E4A-424E-B7B0-E3B7CF470FE5}.Debug|x64.Build.0 = Debug|x64
		{635995E4-4E4A-424E-B7B0-E3B7CF470FE5}.Debug|x86.ActiveCfg = Debug|Win32
		{635995E4-4E4A-424E-B7B0-E3B7CF470FE5}.Debug|x86.Build.0 = Debug|Win32
		{635995E4-4E4A-424E-B7B0-E3B7CF470FE5}.Release|Any CPU.ActiveCfg = Release|x64
		{635995E4-4E4A-424E-B7B0-E3B7CF470FE5}.Release|Any CPU.Build.0 = Release|x64
		{635995E4-4E4A-424E-B7B0-E3B7CF470FE5}.Release|ARM64.ActiveCfg = Release|ARM64
		{635995E4-4E4A-424E-B7B0-E3B7CF470FE5}.Release|ARM64.Build.0 = Release|ARM64
		{635995E4-4E4A-424E-B7B0-E3B7CF470FE5}.Release|x64.ActiveCfg = Release|x64
		{635995E4-4E4A-424E-B7B0-E3B7CF470FE5}.Release|x64.Build.0 = Release|x64
		{635995E4-4E4A-424E-B7B0-E3B7CF470FE5}.Release|x86.ActiveCfg = Release|Win32
		{635995E4-4E4A-424E-B7B0-E3B7CF470FE5}.Release|x86.Build.0 = Release|Win32
		{635995E4-4E4A-424E-B7B0-E3B7CF470FE5}.Static|Any CPU.ActiveCfg = Release-Static|x64
		{635995E4-4E4A-424E-B7B0-E3B7CF470FE5}.Static|Any CPU.Build.0 = Release-Static|x64
		{635995E4-4E4A-424E-B7B0-E3B7CF470FE5}.Static|ARM64.ActiveCfg = Release-Static|ARM64
		{635995E4-4E4A-424E-B7B0-E3B7CF470FE5}.Static|ARM64.Build.0 = Release-Static|ARM64
		{635995E4-4E4A-424E-B7B0-E3B7CF470FE5}.Static|x64.ActiveCfg = Release-Static|x64
		{635995E4-4E4A-424E-B7B0-E3B7CF470FE5}.Static|x64.Build.0 = Release-Static|x64
		{635995E4-4E4A-424E-B7B0-E3B7CF470FE5}.Static|x86.ActiveCfg = Release-Static|Win32
		{635995E4-4E4A-424E-B7B0-E3B7CF470FE5}.Static|x86.Build.0 = Release-Static|Win32
		{5242BE7A-5E37-4F62-8942-F40FC86F3BEF}.Debug|Any CPU.ActiveCfg = Debug|x86
		{5242BE7A-5E37-4F62-8942-F40FC86F3BEF}.Debug|Any CPU.Build.0 = Debug|x86
		{5242BE7A-5E37-4F62-8942-F40FC86F3BEF}.Debug|ARM64.ActiveCfg = Debug|ARM64
		{5242BE7A-5E37-4F62-8942-F40FC86F3BEF}.Debug|ARM64.Build.0 = Debug|ARM64
		{5242BE7A-5E37-4F62-8942-F40FC86F3BEF}.Debug|x64.ActiveCfg = Debug|x64
		{5242BE7A-5E37-4F62-8942-F40FC86F3BEF}.Debug|x64.Build.0 = Debug|x64
		{5242BE7A-5E37-4F62-8942-F40FC86F3BEF}.Debug|x86.ActiveCfg = Debug|x86
		{5242BE7A-5E37-4F62-8942-F40FC86F3BEF}.Debug|x86.Build.0 = Debug|x86
		{5242BE7A-5E37-4F62-8942-F40FC86F3BEF}.Release|Any CPU.ActiveCfg = Release|Any CPU
		{5242BE7A-5E37-4F62-8942-F40FC86F3BEF}.Release|Any CPU.Build.0 = Release|Any CPU
		{5242BE7A-5E37-4F62-8942-F40FC86F3BEF}.Release|ARM64.ActiveCfg = Release|ARM64
		{5242BE7A-5E37-4F62-8942-F40FC86F3BEF}.Release|ARM64.Build.0 = Release|ARM64
		{5242BE7A-5E37-4F62-8942-F40FC86F3BEF}.Release|x64.ActiveCfg = Release|x64
		{5242BE7A-5E37-4F62-8942-F40FC86F3BEF}.Release|x64.Build.0 = Release|x64
		{5242BE7A-5E37-4F62-8942-F40FC86F3BEF}.Release|x86.ActiveCfg = Release|Any CPU
		{5242BE7A-5E37-4F62-8942-F40FC86F3BEF}.Release|x86.Build.0 = Release|Any CPU
		{5242BE7A-5E37-4F62-8942-F40FC86F3BEF}.Static|Any CPU.ActiveCfg = Release-Static|Any CPU
		{5242BE7A-5E37-4F62-8942-F40FC86F3BEF}.Static|Any CPU.Build.0 = Release-Static|Any CPU
		{5242BE7A-5E37-4F62-8942-F40FC86F3BEF}.Static|ARM64.ActiveCfg = Release-Static|ARM64
		{5242BE7A-5E37-4F62-8942-F40FC86F3BEF}.Static|ARM64.Build.0 = Release-Static|ARM64
		{5242BE7A-5E37-4F62-8942-F40FC86F3BEF}.Static|x64.ActiveCfg = Release-Static|x64
		{5242BE7A-5E37-4F62-8942-F40FC86F3BEF}.Static|x86.ActiveCfg = Release-Static|x86
		{5242BE7A-5E37-4F62-8942-F40FC86F3BEF}.Static|x86.Build.0 = Release-Static|x86
		{59ABD8AC-20CC-4367-A1AE-FCDE5C2487B0}.Debug|Any CPU.ActiveCfg = Debug|Win32
		{59ABD8AC-20CC-4367-A1AE-FCDE5C2487B0}.Debug|Any CPU.Build.0 = Debug|Win32
		{59ABD8AC-20CC-4367-A1AE-FCDE5C2487B0}.Debug|ARM64.ActiveCfg = Debug|ARM64
		{59ABD8AC-20CC-4367-A1AE-FCDE5C2487B0}.Debug|ARM64.Build.0 = Debug|ARM64
		{59ABD8AC-20CC-4367-A1AE-FCDE5C2487B0}.Debug|x64.ActiveCfg = Debug|x64
		{59ABD8AC-20CC-4367-A1AE-FCDE5C2487B0}.Debug|x64.Build.0 = Debug|x64
		{59ABD8AC-20CC-4367-A1AE-FCDE5C2487B0}.Debug|x86.ActiveCfg = Debug|Win32
		{59ABD8AC-20CC-4367-A1AE-FCDE5C2487B0}.Debug|x86.Build.0 = Debug|Win32
		{59ABD8AC-20CC-4367-A1AE-FCDE5C2487B0}.Release|Any CPU.ActiveCfg = Release|x64
		{59ABD8AC-20CC-4367-A1AE-FCDE5C2487B0}.Release|Any CPU.Build.0 = Release|x64
		{59ABD8AC-20CC-4367-A1AE-FCDE5C2487B0}.Release|ARM64.ActiveCfg = Release|ARM64
		{59ABD8AC-20CC-4367-A1AE-FCDE5C2487B0}.Release|ARM64.Build.0 = Release|ARM64
		{59ABD8AC-20CC-4367-A1AE-FCDE5C2487B0}.Release|x64.ActiveCfg = Release|x64
		{59ABD8AC-20CC-4367-A1AE-FCDE5C2487B0}.Release|x64.Build.0 = Release|x64
		{59ABD8AC-20CC-4367-A1AE-FCDE5C2487B0}.Release|x86.ActiveCfg = Release|Win32
		{59ABD8AC-20CC-4367-A1AE-FCDE5C2487B0}.Release|x86.Build.0 = Release|Win32
		{59ABD8AC-20CC-4367-A1AE-FCDE5C2487B0}.Static|Any CPU.ActiveCfg = Release-Static|x64
		{59ABD8AC-20CC-4367-A1AE-FCDE5C2487B0}.Static|Any CPU.Build.0 = Release-Static|x64
		{59ABD8AC-20CC-4367-A1AE-FCDE5C2487B0}.Static|ARM64.ActiveCfg = Release-Static|ARM64
		{59ABD8AC-20CC-4367-A1AE-FCDE5C2487B0}.Static|ARM64.Build.0 = Release-Static|ARM64
		{59ABD8AC-20CC-4367-A1AE-FCDE5C2487B0}.Static|x64.ActiveCfg = Release-Static|x64
		{59ABD8AC-20CC-4367-A1AE-FCDE5C2487B0}.Static|x86.ActiveCfg = Release-Static|Win32
		{59ABD8AC-20CC-4367-A1AE-FCDE5C2487B0}.Static|x86.Build.0 = Release-Static|Win32
		{285E72D5-576B-4E92-964C-8D416E8823F9}.Debug|Any CPU.ActiveCfg = Debug|Any CPU
		{285E72D5-576B-4E92-964C-8D416E8823F9}.Debug|Any CPU.Build.0 = Debug|Any CPU
		{285E72D5-576B-4E92-964C-8D416E8823F9}.Debug|ARM64.ActiveCfg = Debug|Any CPU
		{285E72D5-576B-4E92-964C-8D416E8823F9}.Debug|ARM64.Build.0 = Debug|Any CPU
		{285E72D5-576B-4E92-964C-8D416E8823F9}.Debug|x64.ActiveCfg = Debug|x64
		{285E72D5-576B-4E92-964C-8D416E8823F9}.Debug|x64.Build.0 = Debug|x64
		{285E72D5-576B-4E92-964C-8D416E8823F9}.Debug|x86.ActiveCfg = Debug|Any CPU
		{285E72D5-576B-4E92-964C-8D416E8823F9}.Debug|x86.Build.0 = Debug|Any CPU
		{285E72D5-576B-4E92-964C-8D416E8823F9}.Release|Any CPU.ActiveCfg = Release|Any CPU
		{285E72D5-576B-4E92-964C-8D416E8823F9}.Release|Any CPU.Build.0 = Release|Any CPU
		{285E72D5-576B-4E92-964C-8D416E8823F9}.Release|ARM64.ActiveCfg = Release|Any CPU
		{285E72D5-576B-4E92-964C-8D416E8823F9}.Release|ARM64.Build.0 = Release|Any CPU
		{285E72D5-576B-4E92-964C-8D416E8823F9}.Release|x64.ActiveCfg = Release|x64
		{285E72D5-576B-4E92-964C-8D416E8823F9}.Release|x64.Build.0 = Release|x64
		{285E72D5-576B-4E92-964C-8D416E8823F9}.Release|x86.ActiveCfg = Release|Any CPU
		{285E72D5-576B-4E92-964C-8D416E8823F9}.Release|x86.Build.0 = Release|Any CPU
		{285E72D5-576B-4E92-964C-8D416E8823F9}.Static|Any CPU.ActiveCfg = Release-Static|Any CPU
		{285E72D5-576B-4E92-964C-8D416E8823F9}.Static|Any CPU.Build.0 = Release-Static|Any CPU
		{285E72D5-576B-4E92-964C-8D416E8823F9}.Static|ARM64.ActiveCfg = Release-Static|Any CPU
		{285E72D5-576B-4E92-964C-8D416E8823F9}.Static|ARM64.Build.0 = Release-Static|Any CPU
		{285E72D5-576B-4E92-964C-8D416E8823F9}.Static|x64.ActiveCfg = Release-Static|x64
		{285E72D5-576B-4E92-964C-8D416E8823F9}.Static|x86.ActiveCfg = Release-Static|Any CPU
		{285E72D5-576B-4E92-964C-8D416E8823F9}.Static|x86.Build.0 = Release-Static|Any CPU
	EndGlobalSection
	GlobalSection(SolutionProperties) = preSolution
		HideSolutionNode = FALSE
	EndGlobalSection
	GlobalSection(NestedProjects) = preSolution
		{5F7DD0AB-5A29-4A54-80AA-8E6A0B15EB94} = {9F28EDDE-5950-497D-B546-743EDAB86F97}
		{635995E4-4E4A-424E-B7B0-E3B7CF470FE5} = {9F28EDDE-5950-497D-B546-743EDAB86F97}
		{5242BE7A-5E37-4F62-8942-F40FC86F3BEF} = {6F042CB1-3A40-4166-9868-067A8BFF0DD4}
		{59ABD8AC-20CC-4367-A1AE-FCDE5C2487B0} = {8E0AF8CC-894A-4060-A228-83B77F71939A}
		{285E72D5-576B-4E92-964C-8D416E8823F9} = {8E0AF8CC-894A-4060-A228-83B77F71939A}
		{8E0AF8CC-894A-4060-A228-83B77F71939A} = {6F042CB1-3A40-4166-9868-067A8BFF0DD4}
	EndGlobalSection
	GlobalSection(ExtensibilityGlobals) = postSolution
		SolutionGuid = {633E5B12-E47F-4DD4-94AD-6374AB246239}
	EndGlobalSection
EndGlobal
